
Microsoft Visual Studio Solution File, Format Version 12.00
# Visual Studio 14
VisualStudioVersion = 14.0.25420.1
MinimumVisualStudioVersion = 10.0.40219.1
Project("{FAE04EC0-301F-11D3-BF4B-00C04F79EFBC}") = "AnagramApplication", "AnagramApplication\AnagramApplication.csproj", "{147F3C6F-8DFF-4DA3-B134-C164A7C504FD}"
EndProject
Global
	GlobalSection(SolutionConfigurationPlatforms) = preSolution
		Debug|Any CPU = Debug|Any CPU
		Release|Any CPU = Release|Any CPU
	EndGlobalSection
	GlobalSection(ProjectConfigurationPlatforms) = postSolution
		{147F3C6F-8DFF-4DA3-B134-C164A7C504FD}.Debug|Any CPU.ActiveCfg = Debug|Any CPU
		{147F3C6F-8DFF-4DA3-B134-C164A7C504FD}.Debug|Any CPU.Build.0 = Debug|Any CPU
		{147F3C6F-8DFF-4DA3-B134-C164A7C504FD}.Release|Any CPU.ActiveCfg = Release|Any CPU
		{147F3C6F-8DFF-4DA3-B134-C164A7C504FD}.Release|Any CPU.Build.0 = Release|Any CPU
	EndGlobalSection
	GlobalSection(SolutionProperties) = preSolution
		HideSolutionNode = FALSE
	EndGlobalSection
EndGlobal
